{
  "object": {
    "pins": [
      {
        "package": "SwiftyContacts",
        "repositoryURL": "https://github.com/SwiftyContacts/SwiftyContacts.git",
        "state": {
          "branch": null,
          "revision": "6671f40607f5a8c65e40fed90517967003ec11de",
          "version": "4.0.2"
        }
      }
    ]
  },
  "version": 1
}
